
Microsoft Visual Studio Solution File, Format Version 12.00
# Visual Studio Version 16
VisualStudioVersion = 16.0.31829.152
MinimumVisualStudioVersion = 10.0.40219.1
Project("{9A19103F-16F7-4668-BE54-9A1E7A4F7556}") = "BudgetManager", "BudgetManager\BudgetManager.csproj", "{60A01F16-908D-4950-90F0-77D3EA2A5DB3}"
EndProject
Project("{FAE04EC0-301F-11D3-BF4B-00C04F79EFBC}") = "BugetManager.Api", "BugetManager.Api\BugetManager.Api.csproj", "{B3E0B83C-3742-4B42-A81A-D4D740D7E523}"
EndProject
Project("{FAE04EC0-301F-11D3-BF4B-00C04F79EFBC}") = "BudgetManager.Infrastructure", "BudgetManager.Infrastructure\BudgetManager.Infrastructure.csproj", "{60C61BB0-310E-4780-9214-FE4B53EEE49B}"
EndProject
Project("{FAE04EC0-301F-11D3-BF4B-00C04F79EFBC}") = "BudgetManager.Core", "BudgetManager.Core\BudgetManager.Core.csproj", "{9727BE2B-F9FE-4D4F-8AB7-D02320C5B5F1}"
EndProject
Global
	GlobalSection(SolutionConfigurationPlatforms) = preSolution
		Debug|Any CPU = Debug|Any CPU
		Release|Any CPU = Release|Any CPU
	EndGlobalSection
	GlobalSection(ProjectConfigurationPlatforms) = postSolution
		{60A01F16-908D-4950-90F0-77D3EA2A5DB3}.Debug|Any CPU.ActiveCfg = Debug|Any CPU
		{60A01F16-908D-4950-90F0-77D3EA2A5DB3}.Debug|Any CPU.Build.0 = Debug|Any CPU
		{60A01F16-908D-4950-90F0-77D3EA2A5DB3}.Release|Any CPU.ActiveCfg = Release|Any CPU
		{60A01F16-908D-4950-90F0-77D3EA2A5DB3}.Release|Any CPU.Build.0 = Release|Any CPU
		{B3E0B83C-3742-4B42-A81A-D4D740D7E523}.Debug|Any CPU.ActiveCfg = Debug|Any CPU
		{B3E0B83C-3742-4B42-A81A-D4D740D7E523}.Debug|Any CPU.Build.0 = Debug|Any CPU
		{B3E0B83C-3742-4B42-A81A-D4D740D7E523}.Release|Any CPU.ActiveCfg = Release|Any CPU
		{B3E0B83C-3742-4B42-A81A-D4D740D7E523}.Release|Any CPU.Build.0 = Release|Any CPU
		{60C61BB0-310E-4780-9214-FE4B53EEE49B}.Debug|Any CPU.ActiveCfg = Debug|Any CPU
		{60C61BB0-310E-4780-9214-FE4B53EEE49B}.Debug|Any CPU.Build.0 = Debug|Any CPU
		{60C61BB0-310E-4780-9214-FE4B53EEE49B}.Release|Any CPU.ActiveCfg = Release|Any CPU
		{60C61BB0-310E-4780-9214-FE4B53EEE49B}.Release|Any CPU.Build.0 = Release|Any CPU
		{9727BE2B-F9FE-4D4F-8AB7-D02320C5B5F1}.Debug|Any CPU.ActiveCfg = Debug|Any CPU
		{9727BE2B-F9FE-4D4F-8AB7-D02320C5B5F1}.Debug|Any CPU.Build.0 = Debug|Any CPU
		{9727BE2B-F9FE-4D4F-8AB7-D02320C5B5F1}.Release|Any CPU.ActiveCfg = Release|Any CPU
		{9727BE2B-F9FE-4D4F-8AB7-D02320C5B5F1}.Release|Any CPU.Build.0 = Release|Any CPU
	EndGlobalSection
	GlobalSection(SolutionProperties) = preSolution
		HideSolutionNode = FALSE
	EndGlobalSection
	GlobalSection(ExtensibilityGlobals) = postSolution
		SolutionGuid = {7A2A5BFB-E8EB-4084-A652-A8B4F37F259B}
	EndGlobalSection
EndGlobal
